<?xml version="1.0" encoding="utf-8"?>
<Project ToolsVersion="4.0" xmlns="http://schemas.microsoft.com/developer/msbuild/2003">
  <ItemGroup>
    <Filter Include="Shaders">
      <UniqueIdentifier>{048c71ce-0f5d-46b8-b05c-25c296b7bb02}</UniqueIdentifier>
    </Filter>
    <Filter Include="Shaders\Physarum">
      <UniqueIdentifier>{ce13503b-96a2-409c-8461-c8ce977d6169}</UniqueIdentifier>
    </Filter>
    <Filter Include="Graphics">
      <UniqueIdentifier>{c3a3fa33-eb9b-4106-bd24-ea76da4737cc}</UniqueIdentifier>
    </Filter>
    <Filter Include="Reaction-Diffusion">
      <UniqueIdentifier>{bf044567-8767-4ae4-b38f-62d7512e91da}</UniqueIdentifier>
    </Filter>
    <Filter Include="Shaders\Reaction-Diffusion">
      <UniqueIdentifier>{0412450a-c66f-4f87-bd89-41a3005a6f6a}</UniqueIdentifier>
    </Filter>
    <Filter Include="Physarum">
      <UniqueIdentifier>{eed0c58d-5a66-4c56-af67-f0db3d6143dc}</UniqueIdentifier>
    </Filter>
    <Filter Include="Libs">
      <UniqueIdentifier>{67DA6AB6-F800-4c08-8B7A-83BB121AAD01}</UniqueIdentifier>
      <Extensions>rc;ico;cur;bmp;dlg;rc2;rct;bin;rgs;gif;jpg;jpeg;jpe;resx;tiff;tif;png;wav;mfcribbon-ms</Extensions>
    </Filter>
    <Filter Include="Origin Files">
      <UniqueIdentifier>{4FC737F1-C7A5-4376-A066-2A32D752A2FF}</UniqueIdentifier>
      <Extensions>cpp;c;cc;cxx;c++;cppm;ixx;def;odl;idl;hpj;bat;asm;asmx</Extensions>
    </Filter>
  </ItemGroup>
  <ItemGroup>
    <ClCompile Include="main.cpp">
      <Filter>Origin Files</Filter>
    </ClCompile>
    <ClCompile Include="glad.c">
      <Filter>Libs</Filter>
    </ClCompile>
    <ClCompile Include="PhysarumSimulation.cpp">
      <Filter>Physarum</Filter>
    </ClCompile>
    <ClCompile Include="ComputeShader.cpp">
      <Filter>Graphics</Filter>
    </ClCompile>
    <ClCompile Include="Shader.cpp">
      <Filter>Graphics</Filter>
    </ClCompile>
    <ClCompile Include="Sprite.cpp">
      <Filter>Graphics</Filter>
    </ClCompile>
    <ClCompile Include="Texture.cpp">
      <Filter>Graphics</Filter>
    </ClCompile>
    <ClCompile Include="Window.cpp">
      <Filter>Graphics</Filter>
    </ClCompile>
    <ClCompile Include="ReactionDiffusion.cpp">
      <Filter>Reaction-Diffusion</Filter>
    </ClCompile>
  </ItemGroup>
  <ItemGroup>
    <ClInclude Include="PhysarumSimulation.hpp">
      <Filter>Physarum</Filter>
    </ClInclude>
    <ClInclude Include="PhysarumAgents.hpp">
      <Filter>Physarum</Filter>
    </ClInclude>
    <ClInclude Include="Window.hpp">
      <Filter>Graphics</Filter>
    </ClInclude>
    <ClInclude Include="Shader.hpp">
      <Filter>Graphics</Filter>
    </ClInclude>
    <ClInclude Include="Sprite.hpp">
      <Filter>Graphics</Filter>
    </ClInclude>
    <ClInclude Include="Texture.hpp">
      <Filter>Graphics</Filter>
    </ClInclude>
    <ClInclude Include="ComputeShader.hpp">
      <Filter>Graphics</Filter>
    </ClInclude>
    <ClInclude Include="Simulation.hpp">
      <Filter>Origin Files</Filter>
    </ClInclude>
    <ClInclude Include="ReactionDiffusion.hpp">
      <Filter>Reaction-Diffusion</Filter>
    </ClInclude>
  </ItemGroup>
  <ItemGroup>
    <None Include="Shaders\main.vert.glsl">
      <Filter>Shaders</Filter>
    </None>
    <None Include="Shaders\main.frag.glsl">
      <Filter>Shaders</Filter>
    </None>
    <None Include="Shaders\Physarum\agent.comp.glsl">
      <Filter>Shaders\Physarum</Filter>
    </None>
    <None Include="Shaders\Physarum\textureProc.comp.glsl">
      <Filter>Shaders\Physarum</Filter>
    </None>
    <None Include="Shaders\Reaction-Diffusion\reactionMap.comp.glsl">
      <Filter>Shaders\Reaction-Diffusion</Filter>
    </None>
    <None Include="Shaders\Reaction-Diffusion\outputMap.comp.glsl">
      <Filter>Shaders\Reaction-Diffusion</Filter>
    </None>
    <None Include="Shaders\Reaction-Diffusion\initTexture.comp.glsl">
      <Filter>Shaders\Reaction-Diffusion</Filter>
    </None>
  </ItemGroup>
</Project>